
Microsoft Visual Studio Solution File, Format Version 12.00
# Visual Studio 15
VisualStudioVersion = 15.0.27130.2026
MinimumVisualStudioVersion = 10.0.40219.1
Project("{9A19103F-16F7-4668-BE54-9A1E7A4F7556}") = "VFS", "VFS\VFS.csproj", "{8EDAB34C-B580-43DF-8DD5-F7F1D731B46E}"
EndProject
Project("{FAE04EC0-301F-11D3-BF4B-00C04F79EFBC}") = "VFS.Setup", "VFS.Setup\VFS.Setup.csproj", "{543DA896-4588-495E-9DB4-3CE6FA0D95D2}"
EndProject
Project("{FAE04EC0-301F-11D3-BF4B-00C04F79EFBC}") = "VFS.Application", "VFS.Application\VFS.Application.csproj", "{7362AFD3-9E1F-474F-8029-F91D9B628EC3}"
EndProject
Project("{FAE04EC0-301F-11D3-BF4B-00C04F79EFBC}") = "VFS.Net", "VFS.Net\VFS.Net.csproj", "{FD6DC31A-B274-4085-BA07-03E097ADCA29}"
EndProject
Project("{FAE04EC0-301F-11D3-BF4B-00C04F79EFBC}") = "VFS.Uwp", "VFS.Uwp\VFS.Uwp.csproj", "{BCF6134B-C447-49CF-9DC0-E44F5ADF68DF}"
EndProject
Global
	GlobalSection(SolutionConfigurationPlatforms) = preSolution
		Debug|Any CPU = Debug|Any CPU
		Debug|ARM = Debug|ARM
		Debug|x64 = Debug|x64
		Debug|x86 = Debug|x86
		Release|Any CPU = Release|Any CPU
		Release|ARM = Release|ARM
		Release|x64 = Release|x64
		Release|x86 = Release|x86
	EndGlobalSection
	GlobalSection(ProjectConfigurationPlatforms) = postSolution
		{8EDAB34C-B580-43DF-8DD5-F7F1D731B46E}.Debug|Any CPU.ActiveCfg = Debug|Any CPU
		{8EDAB34C-B580-43DF-8DD5-F7F1D731B46E}.Debug|Any CPU.Build.0 = Debug|Any CPU
		{8EDAB34C-B580-43DF-8DD5-F7F1D731B46E}.Debug|ARM.ActiveCfg = Debug|Any CPU
		{8EDAB34C-B580-43DF-8DD5-F7F1D731B46E}.Debug|ARM.Build.0 = Debug|Any CPU
		{8EDAB34C-B580-43DF-8DD5-F7F1D731B46E}.Debug|x64.ActiveCfg = Debug|Any CPU
		{8EDAB34C-B580-43DF-8DD5-F7F1D731B46E}.Debug|x64.Build.0 = Debug|Any CPU
		{8EDAB34C-B580-43DF-8DD5-F7F1D731B46E}.Debug|x86.ActiveCfg = Debug|Any CPU
		{8EDAB34C-B580-43DF-8DD5-F7F1D731B46E}.Debug|x86.Build.0 = Debug|Any CPU
		{8EDAB34C-B580-43DF-8DD5-F7F1D731B46E}.Release|Any CPU.ActiveCfg = Release|Any CPU
		{8EDAB34C-B580-43DF-8DD5-F7F1D731B46E}.Release|Any CPU.Build.0 = Release|Any CPU
		{8EDAB34C-B580-43DF-8DD5-F7F1D731B46E}.Release|ARM.ActiveCfg = Release|Any CPU
		{8EDAB34C-B580-43DF-8DD5-F7F1D731B46E}.Release|ARM.Build.0 = Release|Any CPU
		{8EDAB34C-B580-43DF-8DD5-F7F1D731B46E}.Release|x64.ActiveCfg = Release|Any CPU
		{8EDAB34C-B580-43DF-8DD5-F7F1D731B46E}.Release|x64.Build.0 = Release|Any CPU
		{8EDAB34C-B580-43DF-8DD5-F7F1D731B46E}.Release|x86.ActiveCfg = Release|Any CPU
		{8EDAB34C-B580-43DF-8DD5-F7F1D731B46E}.Release|x86.Build.0 = Release|Any CPU
		{543DA896-4588-495E-9DB4-3CE6FA0D95D2}.Debug|Any CPU.ActiveCfg = Debug|Any CPU
		{543DA896-4588-495E-9DB4-3CE6FA0D95D2}.Debug|Any CPU.Build.0 = Debug|Any CPU
		{543DA896-4588-495E-9DB4-3CE6FA0D95D2}.Debug|ARM.ActiveCfg = Debug|Any CPU
		{543DA896-4588-495E-9DB4-3CE6FA0D95D2}.Debug|ARM.Build.0 = Debug|Any CPU
		{543DA896-4588-495E-9DB4-3CE6FA0D95D2}.Debug|x64.ActiveCfg = Debug|Any CPU
		{543DA896-4588-495E-9DB4-3CE6FA0D95D2}.Debug|x64.Build.0 = Debug|Any CPU
		{543DA896-4588-495E-9DB4-3CE6FA0D95D2}.Debug|x86.ActiveCfg = Debug|Any CPU
		{543DA896-4588-495E-9DB4-3CE6FA0D95D2}.Debug|x86.Build.0 = Debug|Any CPU
		{543DA896-4588-495E-9DB4-3CE6FA0D95D2}.Release|Any CPU.ActiveCfg = Release|Any CPU
		{543DA896-4588-495E-9DB4-3CE6FA0D95D2}.Release|Any CPU.Build.0 = Release|Any CPU
		{543DA896-4588-495E-9DB4-3CE6FA0D95D2}.Release|ARM.ActiveCfg = Release|Any CPU
		{543DA896-4588-495E-9DB4-3CE6FA0D95D2}.Release|ARM.Build.0 = Release|Any CPU
		{543DA896-4588-495E-9DB4-3CE6FA0D95D2}.Release|x64.ActiveCfg = Release|Any CPU
		{543DA896-4588-495E-9DB4-3CE6FA0D95D2}.Release|x64.Build.0 = Release|Any CPU
		{543DA896-4588-495E-9DB4-3CE6FA0D95D2}.Release|x86.ActiveCfg = Release|Any CPU
		{543DA896-4588-495E-9DB4-3CE6FA0D95D2}.Release|x86.Build.0 = Release|Any CPU
		{7362AFD3-9E1F-474F-8029-F91D9B628EC3}.Debug|Any CPU.ActiveCfg = Debug|Any CPU
		{7362AFD3-9E1F-474F-8029-F91D9B628EC3}.Debug|Any CPU.Build.0 = Debug|Any CPU
		{7362AFD3-9E1F-474F-8029-F91D9B628EC3}.Debug|ARM.ActiveCfg = Debug|Any CPU
		{7362AFD3-9E1F-474F-8029-F91D9B628EC3}.Debug|ARM.Build.0 = Debug|Any CPU
		{7362AFD3-9E1F-474F-8029-F91D9B628EC3}.Debug|x64.ActiveCfg = Debug|Any CPU
		{7362AFD3-9E1F-474F-8029-F91D9B628EC3}.Debug|x64.Build.0 = Debug|Any CPU
		{7362AFD3-9E1F-474F-8029-F91D9B628EC3}.Debug|x86.ActiveCfg = Debug|Any CPU
		{7362AFD3-9E1F-474F-8029-F91D9B628EC3}.Debug|x86.Build.0 = Debug|Any CPU
		{7362AFD3-9E1F-474F-8029-F91D9B628EC3}.Release|Any CPU.ActiveCfg = Release|Any CPU
		{7362AFD3-9E1F-474F-8029-F91D9B628EC3}.Release|Any CPU.Build.0 = Release|Any CPU
		{7362AFD3-9E1F-474F-8029-F91D9B628EC3}.Release|ARM.ActiveCfg = Release|Any CPU
		{7362AFD3-9E1F-474F-8029-F91D9B628EC3}.Release|ARM.Build.0 = Release|Any CPU
		{7362AFD3-9E1F-474F-8029-F91D9B628EC3}.Release|x64.ActiveCfg = Release|Any CPU
		{7362AFD3-9E1F-474F-8029-F91D9B628EC3}.Release|x64.Build.0 = Release|Any CPU
		{7362AFD3-9E1F-474F-8029-F91D9B628EC3}.Release|x86.ActiveCfg = Release|Any CPU
		{7362AFD3-9E1F-474F-8029-F91D9B628EC3}.Release|x86.Build.0 = Release|Any CPU
		{FD6DC31A-B274-4085-BA07-03E097ADCA29}.Debug|Any CPU.ActiveCfg = Debug|Any CPU
		{FD6DC31A-B274-4085-BA07-03E097ADCA29}.Debug|Any CPU.Build.0 = Debug|Any CPU
		{FD6DC31A-B274-4085-BA07-03E097ADCA29}.Debug|ARM.ActiveCfg = Debug|Any CPU
		{FD6DC31A-B274-4085-BA07-03E097ADCA29}.Debug|ARM.Build.0 = Debug|Any CPU
		{FD6DC31A-B274-4085-BA07-03E097ADCA29}.Debug|x64.ActiveCfg = Debug|Any CPU
		{FD6DC31A-B274-4085-BA07-03E097ADCA29}.Debug|x64.Build.0 = Debug|Any CPU
		{FD6DC31A-B274-4085-BA07-03E097ADCA29}.Debug|x86.ActiveCfg = Debug|Any CPU
		{FD6DC31A-B274-4085-BA07-03E097ADCA29}.Debug|x86.Build.0 = Debug|Any CPU
		{FD6DC31A-B274-4085-BA07-03E097ADCA29}.Release|Any CPU.ActiveCfg = Release|Any CPU
		{FD6DC31A-B274-4085-BA07-03E097ADCA29}.Release|Any CPU.Build.0 = Release|Any CPU
		{FD6DC31A-B274-4085-BA07-03E097ADCA29}.Release|ARM.ActiveCfg = Release|Any CPU
		{FD6DC31A-B274-4085-BA07-03E097ADCA29}.Release|ARM.Build.0 = Release|Any CPU
		{FD6DC31A-B274-4085-BA07-03E097ADCA29}.Release|x64.ActiveCfg = Release|Any CPU
		{FD6DC31A-B274-4085-BA07-03E097ADCA29}.Release|x64.Build.0 = Release|Any CPU
		{FD6DC31A-B274-4085-BA07-03E097ADCA29}.Release|x86.ActiveCfg = Release|Any CPU
		{FD6DC31A-B274-4085-BA07-03E097ADCA29}.Release|x86.Build.0 = Release|Any CPU
		{BCF6134B-C447-49CF-9DC0-E44F5ADF68DF}.Debug|Any CPU.ActiveCfg = Debug|Any CPU
		{BCF6134B-C447-49CF-9DC0-E44F5ADF68DF}.Debug|Any CPU.Build.0 = Debug|Any CPU
		{BCF6134B-C447-49CF-9DC0-E44F5ADF68DF}.Debug|ARM.ActiveCfg = Debug|ARM
		{BCF6134B-C447-49CF-9DC0-E44F5ADF68DF}.Debug|ARM.Build.0 = Debug|ARM
		{BCF6134B-C447-49CF-9DC0-E44F5ADF68DF}.Debug|x64.ActiveCfg = Debug|x64
		{BCF6134B-C447-49CF-9DC0-E44F5ADF68DF}.Debug|x64.Build.0 = Debug|x64
		{BCF6134B-C447-49CF-9DC0-E44F5ADF68DF}.Debug|x86.ActiveCfg = Debug|x86
		{BCF6134B-C447-49CF-9DC0-E44F5ADF68DF}.Debug|x86.Build.0 = Debug|x86
		{BCF6134B-C447-49CF-9DC0-E44F5ADF68DF}.Release|Any CPU.ActiveCfg = Release|Any CPU
		{BCF6134B-C447-49CF-9DC0-E44F5ADF68DF}.Release|Any CPU.Build.0 = Release|Any CPU
		{BCF6134B-C447-49CF-9DC0-E44F5ADF68DF}.Release|ARM.ActiveCfg = Release|ARM
		{BCF6134B-C447-49CF-9DC0-E44F5ADF68DF}.Release|ARM.Build.0 = Release|ARM
		{BCF6134B-C447-49CF-9DC0-E44F5ADF68DF}.Release|x64.ActiveCfg = Release|x64
		{BCF6134B-C447-49CF-9DC0-E44F5ADF68DF}.Release|x64.Build.0 = Release|x64
		{BCF6134B-C447-49CF-9DC0-E44F5ADF68DF}.Release|x86.ActiveCfg = Release|x86
		{BCF6134B-C447-49CF-9DC0-E44F5ADF68DF}.Release|x86.Build.0 = Release|x86
	EndGlobalSection
	GlobalSection(SolutionProperties) = preSolution
		HideSolutionNode = FALSE
	EndGlobalSection
	GlobalSection(ExtensibilityGlobals) = postSolution
		SolutionGuid = {9A93D642-7395-431C-BCFA-C16EBFD6DC93}
	EndGlobalSection
EndGlobal
